
Microsoft Visual Studio Solution File, Format Version 12.00
# Visual Studio 15
VisualStudioVersion = 15.0.26430.6
MinimumVisualStudioVersion = 10.0.40219.1
Project("{FAE04EC0-301F-11D3-BF4B-00C04F79EFBC}") = "AspNetMvcTest", "AspNetMvcTest\AspNetMvcTest.csproj", "{14C0674F-F098-4083-AEC6-AD96AE6EF4B1}"
EndProject
Project("{FAE04EC0-301F-11D3-BF4B-00C04F79EFBC}") = "AspNetMvcTest.Tests", "AspNetMvcTest.Tests\AspNetMvcTest.Tests.csproj", "{E26BC86C-CBDE-456E-BAA0-E939F193DD0E}"
EndProject
Global
	GlobalSection(SolutionConfigurationPlatforms) = preSolution
		Debug|Any CPU = Debug|Any CPU
		Release|Any CPU = Release|Any CPU
	EndGlobalSection
	GlobalSection(ProjectConfigurationPlatforms) = postSolution
		{14C0674F-F098-4083-AEC6-AD96AE6EF4B1}.Debug|Any CPU.ActiveCfg = Debug|Any CPU
		{14C0674F-F098-4083-AEC6-AD96AE6EF4B1}.Debug|Any CPU.Build.0 = Debug|Any CPU
		{14C0674F-F098-4083-AEC6-AD96AE6EF4B1}.Release|Any CPU.ActiveCfg = Release|Any CPU
		{14C0674F-F098-4083-AEC6-AD96AE6EF4B1}.Release|Any CPU.Build.0 = Release|Any CPU
		{E26BC86C-CBDE-456E-BAA0-E939F193DD0E}.Debug|Any CPU.ActiveCfg = Debug|Any CPU
		{E26BC86C-CBDE-456E-BAA0-E939F193DD0E}.Debug|Any CPU.Build.0 = Debug|Any CPU
		{E26BC86C-CBDE-456E-BAA0-E939F193DD0E}.Release|Any CPU.ActiveCfg = Release|Any CPU
		{E26BC86C-CBDE-456E-BAA0-E939F193DD0E}.Release|Any CPU.Build.0 = Release|Any CPU
	EndGlobalSection
	GlobalSection(SolutionProperties) = preSolution
		HideSolutionNode = FALSE
	EndGlobalSection
EndGlobal
